
Microsoft Visual Studio Solution File, Format Version 12.00
# Visual Studio Version 17
VisualStudioVersion = 17.9.34723.18
MinimumVisualStudioVersion = 10.0.40219.1
Project("{FAE04EC0-301F-11D3-BF4B-00C04F79EFBC}") = "CurrencyApi", "CurrencyApi\CurrencyApi.csproj", "{1CDD35A2-432E-4E1F-AEFA-06098FD4A0F4}"
EndProject
Global
	GlobalSection(SolutionConfigurationPlatforms) = preSolution
		Debug|Any CPU = Debug|Any CPU
		Release|Any CPU = Release|Any CPU
	EndGlobalSection
	GlobalSection(ProjectConfigurationPlatforms) = postSolution
		{1CDD35A2-432E-4E1F-AEFA-06098FD4A0F4}.Debug|Any CPU.ActiveCfg = Debug|Any CPU
		{1CDD35A2-432E-4E1F-AEFA-06098FD4A0F4}.Debug|Any CPU.Build.0 = Debug|Any CPU
		{1CDD35A2-432E-4E1F-AEFA-06098FD4A0F4}.Release|Any CPU.ActiveCfg = Release|Any CPU
		{1CDD35A2-432E-4E1F-AEFA-06098FD4A0F4}.Release|Any CPU.Build.0 = Release|Any CPU
	EndGlobalSection
	GlobalSection(SolutionProperties) = preSolution
		HideSolutionNode = FALSE
	EndGlobalSection
	GlobalSection(ExtensibilityGlobals) = postSolution
		SolutionGuid = {4BBF3BE5-CC84-4D77-B42D-E7988B22BB8B}
	EndGlobalSection
EndGlobal
